// !$*UTF8*$!
{
	archiveVersion = 1;
	classes = {
	};
	objectVersion = 56;
	objects = {

/* Begin PBXBuildFile section */
		08C172419793ED6F06F8190A /* Pods_KaroooooCodeChallengeTests.framework in Frameworks */ = {isa = PBXBuildFile; fileRef = B25F8100C09A3B11CC5D0A86 /* Pods_KaroooooCodeChallengeTests.framework */; };
		8BD747A3FBD8E64B8F8A56B6 /* Pods_KaroooooCodeChallenge.framework in Frameworks */ = {isa = PBXBuildFile; fileRef = 14A14C80AB77A7C83574E5FC /* Pods_KaroooooCodeChallenge.framework */; };
		92151BAA29503DD300101E3A /* local.json in Resources */ = {isa = PBXBuildFile; fileRef = 92151BA929503DD200101E3A /* local.json */; };
		92A04697294D714800340496 /* login.json in Resources */ = {isa = PBXBuildFile; fileRef = 92A04696294D714800340496 /* login.json */; };
		92A04699294D7A5400340496 /* MasterViewController.swift in Sources */ = {isa = PBXBuildFile; fileRef = 92A04698294D7A5400340496 /* MasterViewController.swift */; };
		92A0469C294EB25300340496 /* MasterTableViewCell.swift in Sources */ = {isa = PBXBuildFile; fileRef = 92A0469A294EB25300340496 /* MasterTableViewCell.swift */; };
		92A0469D294EB25300340496 /* MasterTableViewCell.xib in Resources */ = {isa = PBXBuildFile; fileRef = 92A0469B294EB25300340496 /* MasterTableViewCell.xib */; };
		92A0469F294EB71100340496 /* ShadowView.swift in Sources */ = {isa = PBXBuildFile; fileRef = 92A0469E294EB71100340496 /* ShadowView.swift */; };
		92A046A1294EB96200340496 /* DetailsViewController.swift in Sources */ = {isa = PBXBuildFile; fileRef = 92A046A0294EB96200340496 /* DetailsViewController.swift */; };
		92A046A3294ECA7400340496 /* location.json in Resources */ = {isa = PBXBuildFile; fileRef = 92A046A2294ECA7300340496 /* location.json */; };
		92E5305E294B49F300083879 /* AppDelegate.swift in Sources */ = {isa = PBXBuildFile; fileRef = 92E5305D294B49F300083879 /* AppDelegate.swift */; };
		92E53062294B49F300083879 /* LoginViewController.swift in Sources */ = {isa = PBXBuildFile; fileRef = 92E53061294B49F300083879 /* LoginViewController.swift */; };
		92E53065294B49F300083879 /* Main.storyboard in Resources */ = {isa = PBXBuildFile; fileRef = 92E53063294B49F300083879 /* Main.storyboard */; };
		92E53067294B49F600083879 /* Assets.xcassets in Resources */ = {isa = PBXBuildFile; fileRef = 92E53066294B49F600083879 /* Assets.xcassets */; };
		92E5306A294B49F600083879 /* LaunchScreen.storyboard in Resources */ = {isa = PBXBuildFile; fileRef = 92E53068294B49F600083879 /* LaunchScreen.storyboard */; };
		92E53075294B49F600083879 /* KaroooooCodeChallengeTests.swift in Sources */ = {isa = PBXBuildFile; fileRef = 92E53074294B49F600083879 /* KaroooooCodeChallengeTests.swift */; };
		92E5307F294B49F600083879 /* KaroooooCodeChallengeUITests.swift in Sources */ = {isa = PBXBuildFile; fileRef = 92E5307E294B49F600083879 /* KaroooooCodeChallengeUITests.swift */; };
		92E53081294B49F600083879 /* KaroooooCodeChallengeUITestsLaunchTests.swift in Sources */ = {isa = PBXBuildFile; fileRef = 92E53080294B49F600083879 /* KaroooooCodeChallengeUITestsLaunchTests.swift */; };
		92E53095294B4B2B00083879 /* Validation.swift in Sources */ = {isa = PBXBuildFile; fileRef = 92E53094294B4B2B00083879 /* Validation.swift */; };
		92E53097294B682500083879 /* Usermodel.swift in Sources */ = {isa = PBXBuildFile; fileRef = 92E53096294B682500083879 /* Usermodel.swift */; };
		92E53099294B689400083879 /* UserViewModel.swift in Sources */ = {isa = PBXBuildFile; fileRef = 92E53098294B689400083879 /* UserViewModel.swift */; };
		9A5E2F819AD3015F368D9474 /* Pods_KaroooooCodeChallenge_KaroooooCodeChallengeUITests.framework in Frameworks */ = {isa = PBXBuildFile; fileRef = F5568138D3A17F251376EEC7 /* Pods_KaroooooCodeChallenge_KaroooooCodeChallengeUITests.framework */; };
/* End PBXBuildFile section */

/* Begin PBXContainerItemProxy section */
		92E53071294B49F600083879 /* PBXContainerItemProxy */ = {
			isa = PBXContainerItemProxy;
			containerPortal = 92E53052294B49F300083879 /* Project object */;
			proxyType = 1;
			remoteGlobalIDString = 92E53059294B49F300083879;
			remoteInfo = KaroooooCodeChallenge;
		};
		92E5307B294B49F600083879 /* PBXContainerItemProxy */ = {
			isa = PBXContainerItemProxy;
			containerPortal = 92E53052294B49F300083879 /* Project object */;
			proxyType = 1;
			remoteGlobalIDString = 92E53059294B49F300083879;
			remoteInfo = KaroooooCodeChallenge;
		};
/* End PBXContainerItemProxy section */

/* Begin PBXFileReference section */
		0E9658B3D26DC1222787B7BC /* Pods-KaroooooCodeChallenge-KaroooooCodeChallengeUITests.release.xcconfig */ = {isa = PBXFileReference; includeInIndex = 1; lastKnownFileType = text.xcconfig; name = "Pods-KaroooooCodeChallenge-KaroooooCodeChallengeUITests.release.xcconfig"; path = "Target Support Files/Pods-KaroooooCodeChallenge-KaroooooCodeChallengeUITests/Pods-KaroooooCodeChallenge-KaroooooCodeChallengeUITests.release.xcconfig"; sourceTree = "<group>"; };
		14A14C80AB77A7C83574E5FC /* Pods_KaroooooCodeChallenge.framework */ = {isa = PBXFileReference; explicitFileType = wrapper.framework; includeInIndex = 0; path = Pods_KaroooooCodeChallenge.framework; sourceTree = BUILT_PRODUCTS_DIR; };
		14AF62A7D0AC5AEB75FA5E72 /* Pods-KaroooooCodeChallengeTests.debug.xcconfig */ = {isa = PBXFileReference; includeInIndex = 1; lastKnownFileType = text.xcconfig; name = "Pods-KaroooooCodeChallengeTests.debug.xcconfig"; path = "Target Support Files/Pods-KaroooooCodeChallengeTests/Pods-KaroooooCodeChallengeTests.debug.xcconfig"; sourceTree = "<group>"; };
		35AA7FE6134C7CF214B3B8F1 /* Pods-KaroooooCodeChallenge-KaroooooCodeChallengeUITests.debug.xcconfig */ = {isa = PBXFileReference; includeInIndex = 1; lastKnownFileType = text.xcconfig; name = "Pods-KaroooooCodeChallenge-KaroooooCodeChallengeUITests.debug.xcconfig"; path = "Target Support Files/Pods-KaroooooCodeChallenge-KaroooooCodeChallengeUITests/Pods-KaroooooCodeChallenge-KaroooooCodeChallengeUITests.debug.xcconfig"; sourceTree = "<group>"; };
		92151BA929503DD200101E3A /* local.json */ = {isa = PBXFileReference; lastKnownFileType = text.json; path = local.json; sourceTree = "<group>"; };
		92A04696294D714800340496 /* login.json */ = {isa = PBXFileReference; fileEncoding = 4; lastKnownFileType = text.json; path = login.json; sourceTree = "<group>"; };
		92A04698294D7A5400340496 /* MasterViewController.swift */ = {isa = PBXFileReference; lastKnownFileType = sourcecode.swift; path = MasterViewController.swift; sourceTree = "<group>"; };
		92A0469A294EB25300340496 /* MasterTableViewCell.swift */ = {isa = PBXFileReference; lastKnownFileType = sourcecode.swift; path = MasterTableViewCell.swift; sourceTree = "<group>"; };
		92A0469B294EB25300340496 /* MasterTableViewCell.xib */ = {isa = PBXFileReference; lastKnownFileType = file.xib; path = MasterTableViewCell.xib; sourceTree = "<group>"; };
		92A0469E294EB71100340496 /* ShadowView.swift */ = {isa = PBXFileReference; lastKnownFileType = sourcecode.swift; path = ShadowView.swift; sourceTree = "<group>"; };
		92A046A0294EB96200340496 /* DetailsViewController.swift */ = {isa = PBXFileReference; lastKnownFileType = sourcecode.swift; path = DetailsViewController.swift; sourceTree = "<group>"; };
		92A046A2294ECA7300340496 /* location.json */ = {isa = PBXFileReference; fileEncoding = 4; lastKnownFileType = text.json; path = location.json; sourceTree = "<group>"; };
		92E5305A294B49F300083879 /* KaroooooCodeChallenge.app */ = {isa = PBXFileReference; explicitFileType = wrapper.application; includeInIndex = 0; path = KaroooooCodeChallenge.app; sourceTree = BUILT_PRODUCTS_DIR; };
		92E5305D294B49F300083879 /* AppDelegate.swift */ = {isa = PBXFileReference; lastKnownFileType = sourcecode.swift; path = AppDelegate.swift; sourceTree = "<group>"; };
		92E53061294B49F300083879 /* LoginViewController.swift */ = {isa = PBXFileReference; lastKnownFileType = sourcecode.swift; path = LoginViewController.swift; sourceTree = "<group>"; };
		92E53064294B49F300083879 /* Base */ = {isa = PBXFileReference; lastKnownFileType = file.storyboard; name = Base; path = Base.lproj/Main.storyboard; sourceTree = "<group>"; };
		92E53066294B49F600083879 /* Assets.xcassets */ = {isa = PBXFileReference; lastKnownFileType = folder.assetcatalog; path = Assets.xcassets; sourceTree = "<group>"; };
		92E53069294B49F600083879 /* Base */ = {isa = PBXFileReference; lastKnownFileType = file.storyboard; name = Base; path = Base.lproj/LaunchScreen.storyboard; sourceTree = "<group>"; };
		92E5306B294B49F600083879 /* Info.plist */ = {isa = PBXFileReference; lastKnownFileType = text.plist.xml; path = Info.plist; sourceTree = "<group>"; };
		92E53070294B49F600083879 /* KaroooooCodeChallengeTests.xctest */ = {isa = PBXFileReference; explicitFileType = wrapper.cfbundle; includeInIndex = 0; path = KaroooooCodeChallengeTests.xctest; sourceTree = BUILT_PRODUCTS_DIR; };
		92E53074294B49F600083879 /* KaroooooCodeChallengeTests.swift */ = {isa = PBXFileReference; lastKnownFileType = sourcecode.swift; path = KaroooooCodeChallengeTests.swift; sourceTree = "<group>"; };
		92E5307A294B49F600083879 /* KaroooooCodeChallengeUITests.xctest */ = {isa = PBXFileReference; explicitFileType = wrapper.cfbundle; includeInIndex = 0; path = KaroooooCodeChallengeUITests.xctest; sourceTree = BUILT_PRODUCTS_DIR; };
		92E5307E294B49F600083879 /* KaroooooCodeChallengeUITests.swift */ = {isa = PBXFileReference; lastKnownFileType = sourcecode.swift; path = KaroooooCodeChallengeUITests.swift; sourceTree = "<group>"; };
		92E53080294B49F600083879 /* KaroooooCodeChallengeUITestsLaunchTests.swift */ = {isa = PBXFileReference; lastKnownFileType = sourcecode.swift; path = KaroooooCodeChallengeUITestsLaunchTests.swift; sourceTree = "<group>"; };
		92E53094294B4B2B00083879 /* Validation.swift */ = {isa = PBXFileReference; lastKnownFileType = sourcecode.swift; path = Validation.swift; sourceTree = "<group>"; };
		92E53096294B682500083879 /* Usermodel.swift */ = {isa = PBXFileReference; lastKnownFileType = sourcecode.swift; path = Usermodel.swift; sourceTree = "<group>"; };
		92E53098294B689400083879 /* UserViewModel.swift */ = {isa = PBXFileReference; lastKnownFileType = sourcecode.swift; path = UserViewModel.swift; sourceTree = "<group>"; };
		9810EE7171257A7F23F867FB /* Pods-KaroooooCodeChallenge.debug.xcconfig */ = {isa = PBXFileReference; includeInIndex = 1; lastKnownFileType = text.xcconfig; name = "Pods-KaroooooCodeChallenge.debug.xcconfig"; path = "Target Support Files/Pods-KaroooooCodeChallenge/Pods-KaroooooCodeChallenge.debug.xcconfig"; sourceTree = "<group>"; };
		AEAE6415288FCA31F45780B5 /* Pods-KaroooooCodeChallengeTests.release.xcconfig */ = {isa = PBXFileReference; includeInIndex = 1; lastKnownFileType = text.xcconfig; name = "Pods-KaroooooCodeChallengeTests.release.xcconfig"; path = "Target Support Files/Pods-KaroooooCodeChallengeTests/Pods-KaroooooCodeChallengeTests.release.xcconfig"; sourceTree = "<group>"; };
		B25F8100C09A3B11CC5D0A86 /* Pods_KaroooooCodeChallengeTests.framework */ = {isa = PBXFileReference; explicitFileType = wrapper.framework; includeInIndex = 0; path = Pods_KaroooooCodeChallengeTests.framework; sourceTree = BUILT_PRODUCTS_DIR; };
		C8FE72797BEF10B86CC9D1CE /* Pods-KaroooooCodeChallenge.release.xcconfig */ = {isa = PBXFileReference; includeInIndex = 1; lastKnownFileType = text.xcconfig; name = "Pods-KaroooooCodeChallenge.release.xcconfig"; path = "Target Support Files/Pods-KaroooooCodeChallenge/Pods-KaroooooCodeChallenge.release.xcconfig"; sourceTree = "<group>"; };
		F5568138D3A17F251376EEC7 /* Pods_KaroooooCodeChallenge_KaroooooCodeChallengeUITests.framework */ = {isa = PBXFileReference; explicitFileType = wrapper.framework; includeInIndex = 0; path = Pods_KaroooooCodeChallenge_KaroooooCodeChallengeUITests.framework; sourceTree = BUILT_PRODUCTS_DIR; };
/* End PBXFileReference section */

/* Begin PBXFrameworksBuildPhase section */
		92E53057294B49F300083879 /* Frameworks */ = {
			isa = PBXFrameworksBuildPhase;
			buildActionMask = 2147483647;
			files = (
				8BD747A3FBD8E64B8F8A56B6 /* Pods_KaroooooCodeChallenge.framework in Frameworks */,
			);
			runOnlyForDeploymentPostprocessing = 0;
		};
		92E5306D294B49F600083879 /* Frameworks */ = {
			isa = PBXFrameworksBuildPhase;
			buildActionMask = 2147483647;
			files = (
				08C172419793ED6F06F8190A /* Pods_KaroooooCodeChallengeTests.framework in Frameworks */,
			);
			runOnlyForDeploymentPostprocessing = 0;
		};
		92E53077294B49F600083879 /* Frameworks */ = {
			isa = PBXFrameworksBuildPhase;
			buildActionMask = 2147483647;
			files = (
				9A5E2F819AD3015F368D9474 /* Pods_KaroooooCodeChallenge_KaroooooCodeChallengeUITests.framework in Frameworks */,
			);
			runOnlyForDeploymentPostprocessing = 0;
		};
/* End PBXFrameworksBuildPhase section */

/* Begin PBXGroup section */
		7D7FF5DED78896CD946ACACD /* Frameworks */ = {
			isa = PBXGroup;
			children = (
				14A14C80AB77A7C83574E5FC /* Pods_KaroooooCodeChallenge.framework */,
				F5568138D3A17F251376EEC7 /* Pods_KaroooooCodeChallenge_KaroooooCodeChallengeUITests.framework */,
				B25F8100C09A3B11CC5D0A86 /* Pods_KaroooooCodeChallengeTests.framework */,
			);
			name = Frameworks;
			sourceTree = "<group>";
		};
		928C4CCA67F818FFD62A0D4B /* Pods */ = {
			isa = PBXGroup;
			children = (
				9810EE7171257A7F23F867FB /* Pods-KaroooooCodeChallenge.debug.xcconfig */,
				C8FE72797BEF10B86CC9D1CE /* Pods-KaroooooCodeChallenge.release.xcconfig */,
				35AA7FE6134C7CF214B3B8F1 /* Pods-KaroooooCodeChallenge-KaroooooCodeChallengeUITests.debug.xcconfig */,
				0E9658B3D26DC1222787B7BC /* Pods-KaroooooCodeChallenge-KaroooooCodeChallengeUITests.release.xcconfig */,
				14AF62A7D0AC5AEB75FA5E72 /* Pods-KaroooooCodeChallengeTests.debug.xcconfig */,
				AEAE6415288FCA31F45780B5 /* Pods-KaroooooCodeChallengeTests.release.xcconfig */,
			);
			path = Pods;
			sourceTree = "<group>";
		};
		92A04695294D712C00340496 /* location */ = {
			isa = PBXGroup;
			children = (
				92A046A2294ECA7300340496 /* location.json */,
				92A04696294D714800340496 /* login.json */,
			);
			path = location;
			sourceTree = "<group>";
		};
		92A046A4294ECA7800340496 /* JSON File */ = {
			isa = PBXGroup;
			children = (
			);
			path = "JSON File";
			sourceTree = "<group>";
		};
		92E53051294B49F300083879 = {
			isa = PBXGroup;
			children = (
				92E5305C294B49F300083879 /* KaroooooCodeChallenge */,
				92E53073294B49F600083879 /* KaroooooCodeChallengeTests */,
				92E5307D294B49F600083879 /* KaroooooCodeChallengeUITests */,
				92E5305B294B49F300083879 /* Products */,
				928C4CCA67F818FFD62A0D4B /* Pods */,
				7D7FF5DED78896CD946ACACD /* Frameworks */,
			);
			sourceTree = "<group>";
		};
		92E5305B294B49F300083879 /* Products */ = {
			isa = PBXGroup;
			children = (
				92E5305A294B49F300083879 /* KaroooooCodeChallenge.app */,
				92E53070294B49F600083879 /* KaroooooCodeChallengeTests.xctest */,
				92E5307A294B49F600083879 /* KaroooooCodeChallengeUITests.xctest */,
			);
			name = Products;
			sourceTree = "<group>";
		};
		92E5305C294B49F300083879 /* KaroooooCodeChallenge */ = {
			isa = PBXGroup;
			children = (
				92E53090294B4A6500083879 /* ViewModel */,
				92E5308F294B4A6000083879 /* View */,
				92E5308E294B4A5800083879 /* Model */,
				92E5308D294B4A5100083879 /* Utils */,
				92E5305D294B49F300083879 /* AppDelegate.swift */,
				92E53061294B49F300083879 /* LoginViewController.swift */,
				92A04698294D7A5400340496 /* MasterViewController.swift */,
				92151BA929503DD200101E3A /* local.json */,
				92A046A0294EB96200340496 /* DetailsViewController.swift */,
				92E53066294B49F600083879 /* Assets.xcassets */,
				92E53068294B49F600083879 /* LaunchScreen.storyboard */,
				92E5306B294B49F600083879 /* Info.plist */,
			);
			path = KaroooooCodeChallenge;
			sourceTree = "<group>";
		};
		92E53073294B49F600083879 /* KaroooooCodeChallengeTests */ = {
			isa = PBXGroup;
			children = (
				92E53074294B49F600083879 /* KaroooooCodeChallengeTests.swift */,
			);
			path = KaroooooCodeChallengeTests;
			sourceTree = "<group>";
		};
		92E5307D294B49F600083879 /* KaroooooCodeChallengeUITests */ = {
			isa = PBXGroup;
			children = (
				92E5307E294B49F600083879 /* KaroooooCodeChallengeUITests.swift */,
				92E53080294B49F600083879 /* KaroooooCodeChallengeUITestsLaunchTests.swift */,
			);
			path = KaroooooCodeChallengeUITests;
			sourceTree = "<group>";
		};
		92E5308D294B4A5100083879 /* Utils */ = {
			isa = PBXGroup;
			children = (
				92A04695294D712C00340496 /* location */,
				92A046A4294ECA7800340496 /* JSON File */,
				92E53093294B4B1F00083879 /* Validation */,
				92E53091294B4A7A00083879 /* Helper */,
			);
			path = Utils;
			sourceTree = "<group>";
		};
		92E5308E294B4A5800083879 /* Model */ = {
			isa = PBXGroup;
			children = (
				92E53096294B682500083879 /* Usermodel.swift */,
			);
			path = Model;
			sourceTree = "<group>";
		};
		92E5308F294B4A6000083879 /* View */ = {
			isa = PBXGroup;
			children = (
				92E53063294B49F300083879 /* Main.storyboard */,
				92A0469A294EB25300340496 /* MasterTableViewCell.swift */,
				92A0469B294EB25300340496 /* MasterTableViewCell.xib */,
			);
			path = View;
			sourceTree = "<group>";
		};
		92E53090294B4A6500083879 /* ViewModel */ = {
			isa = PBXGroup;
			children = (
				92E53098294B689400083879 /* UserViewModel.swift */,
			);
			path = ViewModel;
			sourceTree = "<group>";
		};
		92E53091294B4A7A00083879 /* Helper */ = {
			isa = PBXGroup;
			children = (
				92A0469E294EB71100340496 /* ShadowView.swift */,
			);
			path = Helper;
			sourceTree = "<group>";
		};
		92E53093294B4B1F00083879 /* Validation */ = {
			isa = PBXGroup;
			children = (
				92E53094294B4B2B00083879 /* Validation.swift */,
			);
			path = Validation;
			sourceTree = "<group>";
		};
/* End PBXGroup section */

/* Begin PBXNativeTarget section */
		92E53059294B49F300083879 /* KaroooooCodeChallenge */ = {
			isa = PBXNativeTarget;
			buildConfigurationList = 92E53084294B49F600083879 /* Build configuration list for PBXNativeTarget "KaroooooCodeChallenge" */;
			buildPhases = (
				8B52BDD356A8E11C79566254 /* [CP] Check Pods Manifest.lock */,
				92E53056294B49F300083879 /* Sources */,
				92E53057294B49F300083879 /* Frameworks */,
				92E53058294B49F300083879 /* Resources */,
				EDA7C0DAD234AE85FA9E4AA0 /* [CP] Embed Pods Frameworks */,
			);
			buildRules = (
			);
			dependencies = (
			);
			name = KaroooooCodeChallenge;
			productName = KaroooooCodeChallenge;
			productReference = 92E5305A294B49F300083879 /* KaroooooCodeChallenge.app */;
			productType = "com.apple.product-type.application";
		};
		92E5306F294B49F600083879 /* KaroooooCodeChallengeTests */ = {
			isa = PBXNativeTarget;
			buildConfigurationList = 92E53087294B49F600083879 /* Build configuration list for PBXNativeTarget "KaroooooCodeChallengeTests" */;
			buildPhases = (
				50128AEC7FBE728AD2D5005F /* [CP] Check Pods Manifest.lock */,
				92E5306C294B49F600083879 /* Sources */,
				92E5306D294B49F600083879 /* Frameworks */,
				92E5306E294B49F600083879 /* Resources */,
			);
			buildRules = (
			);
			dependencies = (
				92E53072294B49F600083879 /* PBXTargetDependency */,
			);
			name = KaroooooCodeChallengeTests;
			productName = KaroooooCodeChallengeTests;
			productReference = 92E53070294B49F600083879 /* KaroooooCodeChallengeTests.xctest */;
			productType = "com.apple.product-type.bundle.unit-test";
		};
		92E53079294B49F600083879 /* KaroooooCodeChallengeUITests */ = {
			isa = PBXNativeTarget;
			buildConfigurationList = 92E5308A294B49F600083879 /* Build configuration list for PBXNativeTarget "KaroooooCodeChallengeUITests" */;
			buildPhases = (
				3A8124091C6AE28367309DFE /* [CP] Check Pods Manifest.lock */,
				92E53076294B49F600083879 /* Sources */,
				92E53077294B49F600083879 /* Frameworks */,
				92E53078294B49F600083879 /* Resources */,
				18FB3ED6BB16C8DCACCF0A1E /* [CP] Embed Pods Frameworks */,
			);
			buildRules = (
			);
			dependencies = (
				92E5307C294B49F600083879 /* PBXTargetDependency */,
			);
			name = KaroooooCodeChallengeUITests;
			productName = KaroooooCodeChallengeUITests;
			productReference = 92E5307A294B49F600083879 /* KaroooooCodeChallengeUITests.xctest */;
			productType = "com.apple.product-type.bundle.ui-testing";
		};
/* End PBXNativeTarget section */

/* Begin PBXProject section */
		92E53052294B49F300083879 /* Project object */ = {
			isa = PBXProject;
			attributes = {
				BuildIndependentTargetsInParallel = 1;
				LastSwiftUpdateCheck = 1410;
				LastUpgradeCheck = 1410;
				TargetAttributes = {
					92E53059294B49F300083879 = {
						CreatedOnToolsVersion = 14.1;
					};
					92E5306F294B49F600083879 = {
						CreatedOnToolsVersion = 14.1;
						TestTargetID = 92E53059294B49F300083879;
					};
					92E53079294B49F600083879 = {
						CreatedOnToolsVersion = 14.1;
						TestTargetID = 92E53059294B49F300083879;
					};
				};
			};
			buildConfigurationList = 92E53055294B49F300083879 /* Build configuration list for PBXProject "KaroooooCodeChallenge" */;
			compatibilityVersion = "Xcode 14.0";
			developmentRegion = en;
			hasScannedForEncodings = 0;
			knownRegions = (
				en,
				Base,
			);
			mainGroup = 92E53051294B49F300083879;
			productRefGroup = 92E5305B294B49F300083879 /* Products */;
			projectDirPath = "";
			projectRoot = "";
			targets = (
				92E53059294B49F300083879 /* KaroooooCodeChallenge */,
				92E5306F294B49F600083879 /* KaroooooCodeChallengeTests */,
				92E53079294B49F600083879 /* KaroooooCodeChallengeUITests */,
			);
		};
/* End PBXProject section */

/* Begin PBXResourcesBuildPhase section */
		92E53058294B49F300083879 /* Resources */ = {
			isa = PBXResourcesBuildPhase;
			buildActionMask = 2147483647;
			files = (
				92E5306A294B49F600083879 /* LaunchScreen.storyboard in Resources */,
				92E53067294B49F600083879 /* Assets.xcassets in Resources */,
				92E53065294B49F300083879 /* Main.storyboard in Resources */,
				92A04697294D714800340496 /* login.json in Resources */,
				92151BAA29503DD300101E3A /* local.json in Resources */,
				92A046A3294ECA7400340496 /* location.json in Resources */,
				92A0469D294EB25300340496 /* MasterTableViewCell.xib in Resources */,
			);
			runOnlyForDeploymentPostprocessing = 0;
		};
		92E5306E294B49F600083879 /* Resources */ = {
			isa = PBXResourcesBuildPhase;
			buildActionMask = 2147483647;
			files = (
			);
			runOnlyForDeploymentPostprocessing = 0;
		};
		92E53078294B49F600083879 /* Resources */ = {
			isa = PBXResourcesBuildPhase;
			buildActionMask = 2147483647;
			files = (
			);
			runOnlyForDeploymentPostprocessing = 0;
		};
/* End PBXResourcesBuildPhase section */

/* Begin PBXShellScriptBuildPhase section */
		18FB3ED6BB16C8DCACCF0A1E /* [CP] Embed Pods Frameworks */ = {
			isa = PBXShellScriptBuildPhase;
			buildActionMask = 2147483647;
			files = (
			);
			inputFileListPaths = (
				"${PODS_ROOT}/Target Support Files/Pods-KaroooooCodeChallenge-KaroooooCodeChallengeUITests/Pods-KaroooooCodeChallenge-KaroooooCodeChallengeUITests-frameworks-${CONFIGURATION}-input-files.xcfilelist",
			);
			name = "[CP] Embed Pods Frameworks";
			outputFileListPaths = (
				"${PODS_ROOT}/Target Support Files/Pods-KaroooooCodeChallenge-KaroooooCodeChallengeUITests/Pods-KaroooooCodeChallenge-KaroooooCodeChallengeUITests-frameworks-${CONFIGURATION}-output-files.xcfilelist",
			);
			runOnlyForDeploymentPostprocessing = 0;
			shellPath = /bin/sh;
			shellScript = "\"${PODS_ROOT}/Target Support Files/Pods-KaroooooCodeChallenge-KaroooooCodeChallengeUITests/Pods-KaroooooCodeChallenge-KaroooooCodeChallengeUITests-frameworks.sh\"\n";
			showEnvVarsInLog = 0;
		};
		3A8124091C6AE28367309DFE /* [CP] Check Pods Manifest.lock */ = {
			isa = PBXShellScriptBuildPhase;
			buildActionMask = 2147483647;
			files = (
			);
			inputFileListPaths = (
			);
			inputPaths = (
				"${PODS_PODFILE_DIR_PATH}/Podfile.lock",
				"${PODS_ROOT}/Manifest.lock",
			);
			name = "[CP] Check Pods Manifest.lock";
			outputFileListPaths = (
			);
			outputPaths = (
				"$(DERIVED_FILE_DIR)/Pods-KaroooooCodeChallenge-KaroooooCodeChallengeUITests-checkManifestLockResult.txt",
			);
			runOnlyForDeploymentPostprocessing = 0;
			shellPath = /bin/sh;
			shellScript = "diff \"${PODS_PODFILE_DIR_PATH}/Podfile.lock\" \"${PODS_ROOT}/Manifest.lock\" > /dev/null\nif [ $? != 0 ] ; then\n    # print error to STDERR\n    echo \"error: The sandbox is not in sync with the Podfile.lock. Run 'pod install' or update your CocoaPods installation.\" >&2\n    exit 1\nfi\n# This output is used by Xcode 'outputs' to avoid re-running this script phase.\necho \"SUCCESS\" > \"${SCRIPT_OUTPUT_FILE_0}\"\n";
			showEnvVarsInLog = 0;
		};
		50128AEC7FBE728AD2D5005F /* [CP] Check Pods Manifest.lock */ = {
			isa = PBXShellScriptBuildPhase;
			buildActionMask = 2147483647;
			files = (
			);
			inputFileListPaths = (
			);
			inputPaths = (
				"${PODS_PODFILE_DIR_PATH}/Podfile.lock",
				"${PODS_ROOT}/Manifest.lock",
			);
			name = "[CP] Check Pods Manifest.lock";
			outputFileListPaths = (
			);
			outputPaths = (
				"$(DERIVED_FILE_DIR)/Pods-KaroooooCodeChallengeTests-checkManifestLockResult.txt",
			);
			runOnlyForDeploymentPostprocessing = 0;
			shellPath = /bin/sh;
			shellScript = "diff \"${PODS_PODFILE_DIR_PATH}/Podfile.lock\" \"${PODS_ROOT}/Manifest.lock\" > /dev/null\nif [ $? != 0 ] ; then\n    # print error to STDERR\n    echo \"error: The sandbox is not in sync with the Podfile.lock. Run 'pod install' or update your CocoaPods installation.\" >&2\n    exit 1\nfi\n# This output is used by Xcode 'outputs' to avoid re-running this script phase.\necho \"SUCCESS\" > \"${SCRIPT_OUTPUT_FILE_0}\"\n";
			showEnvVarsInLog = 0;
		};
		8B52BDD356A8E11C79566254 /* [CP] Check Pods Manifest.lock */ = {
			isa = PBXShellScriptBuildPhase;
			buildActionMask = 2147483647;
			files = (
			);
			inputFileListPaths = (
			);
			inputPaths = (
				"${PODS_PODFILE_DIR_PATH}/Podfile.lock",
				"${PODS_ROOT}/Manifest.lock",
			);
			name = "[CP] Check Pods Manifest.lock";
			outputFileListPaths = (
			);
			outputPaths = (
				"$(DERIVED_FILE_DIR)/Pods-KaroooooCodeChallenge-checkManifestLockResult.txt",
			);
			runOnlyForDeploymentPostprocessing = 0;
			shellPath = /bin/sh;
			shellScript = "diff \"${PODS_PODFILE_DIR_PATH}/Podfile.lock\" \"${PODS_ROOT}/Manifest.lock\" > /dev/null\nif [ $? != 0 ] ; then\n    # print error to STDERR\n    echo \"error: The sandbox is not in sync with the Podfile.lock. Run 'pod install' or update your CocoaPods installation.\" >&2\n    exit 1\nfi\n# This output is used by Xcode 'outputs' to avoid re-running this script phase.\necho \"SUCCESS\" > \"${SCRIPT_OUTPUT_FILE_0}\"\n";
			showEnvVarsInLog = 0;
		};
		EDA7C0DAD234AE85FA9E4AA0 /* [CP] Embed Pods Frameworks */ = {
			isa = PBXShellScriptBuildPhase;
			buildActionMask = 2147483647;
			files = (
			);
			inputFileListPaths = (
				"${PODS_ROOT}/Target Support Files/Pods-KaroooooCodeChallenge/Pods-KaroooooCodeChallenge-frameworks-${CONFIGURATION}-input-files.xcfilelist",
			);
			name = "[CP] Embed Pods Frameworks";
			outputFileListPaths = (
				"${PODS_ROOT}/Target Support Files/Pods-KaroooooCodeChallenge/Pods-KaroooooCodeChallenge-frameworks-${CONFIGURATION}-output-files.xcfilelist",
			);
			runOnlyForDeploymentPostprocessing = 0;
			shellPath = /bin/sh;
			shellScript = "\"${PODS_ROOT}/Target Support Files/Pods-KaroooooCodeChallenge/Pods-KaroooooCodeChallenge-frameworks.sh\"\n";
			showEnvVarsInLog = 0;
		};
/* End PBXShellScriptBuildPhase section */

/* Begin PBXSourcesBuildPhase section */
		92E53056294B49F300083879 /* Sources */ = {
			isa = PBXSourcesBuildPhase;
			buildActionMask = 2147483647;
			files = (
				92A04699294D7A5400340496 /* MasterViewController.swift in Sources */,
				92E53097294B682500083879 /* Usermodel.swift in Sources */,
				92A046A1294EB96200340496 /* DetailsViewController.swift in Sources */,
				92A0469C294EB25300340496 /* MasterTableViewCell.swift in Sources */,
				92E53099294B689400083879 /* UserViewModel.swift in Sources */,
				92E53062294B49F300083879 /* LoginViewController.swift in Sources */,
				92E53095294B4B2B00083879 /* Validation.swift in Sources */,
				92E5305E294B49F300083879 /* AppDelegate.swift in Sources */,
				92A0469F294EB71100340496 /* ShadowView.swift in Sources */,
			);
			runOnlyForDeploymentPostprocessing = 0;
		};
		92E5306C294B49F600083879 /* Sources */ = {
			isa = PBXSourcesBuildPhase;
			buildActionMask = 2147483647;
			files = (
				92E53075294B49F600083879 /* KaroooooCodeChallengeTests.swift in Sources */,
			);
			runOnlyForDeploymentPostprocessing = 0;
		};
		92E53076294B49F600083879 /* Sources */ = {
			isa = PBXSourcesBuildPhase;
			buildActionMask = 2147483647;
			files = (
				92E53081294B49F600083879 /* KaroooooCodeChallengeUITestsLaunchTests.swift in Sources */,
				92E5307F294B49F600083879 /* KaroooooCodeChallengeUITests.swift in Sources */,
			);
			runOnlyForDeploymentPostprocessing = 0;
		};
/* End PBXSourcesBuildPhase section */

/* Begin PBXTargetDependency section */
		92E53072294B49F600083879 /* PBXTargetDependency */ = {
			isa = PBXTargetDependency;
			target = 92E53059294B49F300083879 /* KaroooooCodeChallenge */;
			targetProxy = 92E53071294B49F600083879 /* PBXContainerItemProxy */;
		};
		92E5307C294B49F600083879 /* PBXTargetDependency */ = {
			isa = PBXTargetDependency;
			target = 92E53059294B49F300083879 /* KaroooooCodeChallenge */;
			targetProxy = 92E5307B294B49F600083879 /* PBXContainerItemProxy */;
		};
/* End PBXTargetDependency section */

/* Begin PBXVariantGroup section */
		92E53063294B49F300083879 /* Main.storyboard */ = {
			isa = PBXVariantGroup;
			children = (
				92E53064294B49F300083879 /* Base */,
			);
			name = Main.storyboard;
			sourceTree = "<group>";
		};
		92E53068294B49F600083879 /* LaunchScreen.storyboard */ = {
			isa = PBXVariantGroup;
			children = (
				92E53069294B49F600083879 /* Base */,
			);
			name = LaunchScreen.storyboard;
			sourceTree = "<group>";
		};
/* End PBXVariantGroup section */

/* Begin XCBuildConfiguration section */
		92E53082294B49F600083879 /* Debug */ = {
			isa = XCBuildConfiguration;
			buildSettings = {
				ALWAYS_SEARCH_USER_PATHS = NO;
				CLANG_ANALYZER_NONNULL = YES;
				CLANG_ANALYZER_NUMBER_OBJECT_CONVERSION = YES_AGGRESSIVE;
				CLANG_CXX_LANGUAGE_STANDARD = "gnu++20";
				CLANG_ENABLE_MODULES = YES;
				CLANG_ENABLE_OBJC_ARC = YES;
				CLANG_ENABLE_OBJC_WEAK = YES;
				CLANG_WARN_BLOCK_CAPTURE_AUTORELEASING = YES;
				CLANG_WARN_BOOL_CONVERSION = YES;
				CLANG_WARN_COMMA = YES;
				CLANG_WARN_CONSTANT_CONVERSION = YES;
				CLANG_WARN_DEPRECATED_OBJC_IMPLEMENTATIONS = YES;
				CLANG_WARN_DIRECT_OBJC_ISA_USAGE = YES_ERROR;
				CLANG_WARN_DOCUMENTATION_COMMENTS = YES;
				CLANG_WARN_EMPTY_BODY = YES;
				CLANG_WARN_ENUM_CONVERSION = YES;
				CLANG_WARN_INFINITE_RECURSION = YES;
				CLANG_WARN_INT_CONVERSION = YES;
				CLANG_WARN_NON_LITERAL_NULL_CONVERSION = YES;
				CLANG_WARN_OBJC_IMPLICIT_RETAIN_SELF = YES;
				CLANG_WARN_OBJC_LITERAL_CONVERSION = YES;
				CLANG_WARN_OBJC_ROOT_CLASS = YES_ERROR;
				CLANG_WARN_QUOTED_INCLUDE_IN_FRAMEWORK_HEADER = YES;
				CLANG_WARN_RANGE_LOOP_ANALYSIS = YES;
				CLANG_WARN_STRICT_PROTOTYPES = YES;
				CLANG_WARN_SUSPICIOUS_MOVE = YES;
				CLANG_WARN_UNGUARDED_AVAILABILITY = YES_AGGRESSIVE;
				CLANG_WARN_UNREACHABLE_CODE = YES;
				CLANG_WARN__DUPLICATE_METHOD_MATCH = YES;
				COPY_PHASE_STRIP = NO;
				DEBUG_INFORMATION_FORMAT = dwarf;
				ENABLE_STRICT_OBJC_MSGSEND = YES;
				ENABLE_TESTABILITY = YES;
				GCC_C_LANGUAGE_STANDARD = gnu11;
				GCC_DYNAMIC_NO_PIC = NO;
				GCC_NO_COMMON_BLOCKS = YES;
				GCC_OPTIMIZATION_LEVEL = 0;
				GCC_PREPROCESSOR_DEFINITIONS = (
					"DEBUG=1",
					"$(inherited)",
				);
				GCC_WARN_64_TO_32_BIT_CONVERSION = YES;
				GCC_WARN_ABOUT_RETURN_TYPE = YES_ERROR;
				GCC_WARN_UNDECLARED_SELECTOR = YES;
				GCC_WARN_UNINITIALIZED_AUTOS = YES_AGGRESSIVE;
				GCC_WARN_UNUSED_FUNCTION = YES;
				GCC_WARN_UNUSED_VARIABLE = YES;
				IPHONEOS_DEPLOYMENT_TARGET = 16.1;
				MTL_ENABLE_DEBUG_INFO = INCLUDE_SOURCE;
				MTL_FAST_MATH = YES;
				ONLY_ACTIVE_ARCH = YES;
				SDKROOT = iphoneos;
				SWIFT_ACTIVE_COMPILATION_CONDITIONS = DEBUG;
				SWIFT_OPTIMIZATION_LEVEL = "-Onone";
			};
			name = Debug;
		};
		92E53083294B49F600083879 /* Release */ = {
			isa = XCBuildConfiguration;
			buildSettings = {
				ALWAYS_SEARCH_USER_PATHS = NO;
				CLANG_ANALYZER_NONNULL = YES;
				CLANG_ANALYZER_NUMBER_OBJECT_CONVERSION = YES_AGGRESSIVE;
				CLANG_CXX_LANGUAGE_STANDARD = "gnu++20";
				CLANG_ENABLE_MODULES = YES;
				CLANG_ENABLE_OBJC_ARC = YES;
				CLANG_ENABLE_OBJC_WEAK = YES;
				CLANG_WARN_BLOCK_CAPTURE_AUTORELEASING = YES;
				CLANG_WARN_BOOL_CONVERSION = YES;
				CLANG_WARN_COMMA = YES;
				CLANG_WARN_CONSTANT_CONVERSION = YES;
				CLANG_WARN_DEPRECATED_OBJC_IMPLEMENTATIONS = YES;
				CLANG_WARN_DIRECT_OBJC_ISA_USAGE = YES_ERROR;
				CLANG_WARN_DOCUMENTATION_COMMENTS = YES;
				CLANG_WARN_EMPTY_BODY = YES;
				CLANG_WARN_ENUM_CONVERSION = YES;
				CLANG_WARN_INFINITE_RECURSION = YES;
				CLANG_WARN_INT_CONVERSION = YES;
				CLANG_WARN_NON_LITERAL_NULL_CONVERSION = YES;
				CLANG_WARN_OBJC_IMPLICIT_RETAIN_SELF = YES;
				CLANG_WARN_OBJC_LITERAL_CONVERSION = YES;
				CLANG_WARN_OBJC_ROOT_CLASS = YES_ERROR;
				CLANG_WARN_QUOTED_INCLUDE_IN_FRAMEWORK_HEADER = YES;
				CLANG_WARN_RANGE_LOOP_ANALYSIS = YES;
				CLANG_WARN_STRICT_PROTOTYPES = YES;
				CLANG_WARN_SUSPICIOUS_MOVE = YES;
				CLANG_WARN_UNGUARDED_AVAILABILITY = YES_AGGRESSIVE;
				CLANG_WARN_UNREACHABLE_CODE = YES;
				CLANG_WARN__DUPLICATE_METHOD_MATCH = YES;
				COPY_PHASE_STRIP = NO;
				DEBUG_INFORMATION_FORMAT = "dwarf-with-dsym";
				ENABLE_NS_ASSERTIONS = NO;
				ENABLE_STRICT_OBJC_MSGSEND = YES;
				GCC_C_LANGUAGE_STANDARD = gnu11;
				GCC_NO_COMMON_BLOCKS = YES;
				GCC_WARN_64_TO_32_BIT_CONVERSION = YES;
				GCC_WARN_ABOUT_RETURN_TYPE = YES_ERROR;
				GCC_WARN_UNDECLARED_SELECTOR = YES;
				GCC_WARN_UNINITIALIZED_AUTOS = YES_AGGRESSIVE;
				GCC_WARN_UNUSED_FUNCTION = YES;
				GCC_WARN_UNUSED_VARIABLE = YES;
				IPHONEOS_DEPLOYMENT_TARGET = 16.1;
				MTL_ENABLE_DEBUG_INFO = NO;
				MTL_FAST_MATH = YES;
				SDKROOT = iphoneos;
				SWIFT_COMPILATION_MODE = wholemodule;
				SWIFT_OPTIMIZATION_LEVEL = "-O";
				VALIDATE_PRODUCT = YES;
			};
			name = Release;
		};
		92E53085294B49F600083879 /* Debug */ = {
			isa = XCBuildConfiguration;
			baseConfigurationReference = 9810EE7171257A7F23F867FB /* Pods-KaroooooCodeChallenge.debug.xcconfig */;
			buildSettings = {
				ASSETCATALOG_COMPILER_APPICON_NAME = AppIcon;
				ASSETCATALOG_COMPILER_GLOBAL_ACCENT_COLOR_NAME = AccentColor;
				CODE_SIGN_STYLE = Automatic;
				CURRENT_PROJECT_VERSION = 1;
				GENERATE_INFOPLIST_FILE = YES;
				INFOPLIST_FILE = KaroooooCodeChallenge/Info.plist;
				INFOPLIST_KEY_CFBundleDisplayName = Karooooo;
				INFOPLIST_KEY_UIApplicationSupportsIndirectInputEvents = YES;
				INFOPLIST_KEY_UILaunchStoryboardName = LaunchScreen;
				INFOPLIST_KEY_UIMainStoryboardFile = Main;
				INFOPLIST_KEY_UISupportedInterfaceOrientations = UIInterfaceOrientationPortrait;
				IPHONEOS_DEPLOYMENT_TARGET = 12.0;
				LD_RUNPATH_SEARCH_PATHS = (
					"$(inherited)",
					"@executable_path/Frameworks",
				);
				MARKETING_VERSION = 1.0;
				PRODUCT_BUNDLE_IDENTIFIER = theappmaker.KaroooooCodeChallenge;
				PRODUCT_NAME = "$(TARGET_NAME)";
				SWIFT_EMIT_LOC_STRINGS = YES;
				SWIFT_VERSION = 5.0;
				TARGETED_DEVICE_FAMILY = "1,2";
			};
			name = Debug;
		};
		92E53086294B49F600083879 /* Release */ = {
			isa = XCBuildConfiguration;
			baseConfigurationReference = C8FE72797BEF10B86CC9D1CE /* Pods-KaroooooCodeChallenge.release.xcconfig */;
			buildSettings = {
				ASSETCATALOG_COMPILER_APPICON_NAME = AppIcon;
				ASSETCATALOG_COMPILER_GLOBAL_ACCENT_COLOR_NAME = AccentColor;
				CODE_SIGN_STYLE = Automatic;
				CURRENT_PROJECT_VERSION = 1;
				GENERATE_INFOPLIST_FILE = YES;
				INFOPLIST_FILE = KaroooooCodeChallenge/Info.plist;
				INFOPLIST_KEY_CFBundleDisplayName = Karooooo;
				INFOPLIST_KEY_UIApplicationSupportsIndirectInputEvents = YES;
				INFOPLIST_KEY_UILaunchStoryboardName = LaunchScreen;
				INFOPLIST_KEY_UIMainStoryboardFile = Main;
				INFOPLIST_KEY_UISupportedInterfaceOrientations = UIInterfaceOrientationPortrait;
				IPHONEOS_DEPLOYMENT_TARGET = 12.0;
				LD_RUNPATH_SEARCH_PATHS = (
					"$(inherited)",
					"@executable_path/Frameworks",
				);
				MARKETING_VERSION = 1.0;
				PRODUCT_BUNDLE_IDENTIFIER = theappmaker.KaroooooCodeChallenge;
				PRODUCT_NAME = "$(TARGET_NAME)";
				SWIFT_EMIT_LOC_STRINGS = YES;
				SWIFT_VERSION = 5.0;
				TARGETED_DEVICE_FAMILY = "1,2";
			};
			name = Release;
		};
		92E53088294B49F600083879 /* Debug */ = {
			isa = XCBuildConfiguration;
			baseConfigurationReference = 14AF62A7D0AC5AEB75FA5E72 /* Pods-KaroooooCodeChallengeTests.debug.xcconfig */;
			buildSettings = {
				ALWAYS_EMBED_SWIFT_STANDARD_LIBRARIES = YES;
				BUNDLE_LOADER = "$(TEST_HOST)";
				CODE_SIGN_STYLE = Automatic;
				CURRENT_PROJECT_VERSION = 1;
				GENERATE_INFOPLIST_FILE = YES;
				IPHONEOS_DEPLOYMENT_TARGET = 16.1;
				MARKETING_VERSION = 1.0;
				PRODUCT_BUNDLE_IDENTIFIER = theappmaker.KaroooooCodeChallengeTests;
				PRODUCT_NAME = "$(TARGET_NAME)";
				SWIFT_EMIT_LOC_STRINGS = NO;
				SWIFT_VERSION = 5.0;
				TARGETED_DEVICE_FAMILY = "1,2";
				TEST_HOST = "$(BUILT_PRODUCTS_DIR)/KaroooooCodeChallenge.app/$(BUNDLE_EXECUTABLE_FOLDER_PATH)/KaroooooCodeChallenge";
			};
			name = Debug;
		};
		92E53089294B49F600083879 /* Release */ = {
			isa = XCBuildConfiguration;
			baseConfigurationReference = AEAE6415288FCA31F45780B5 /* Pods-KaroooooCodeChallengeTests.release.xcconfig */;
			buildSettings = {
				ALWAYS_EMBED_SWIFT_STANDARD_LIBRARIES = YES;
				BUNDLE_LOADER = "$(TEST_HOST)";
				CODE_SIGN_STYLE = Automatic;
				CURRENT_PROJECT_VERSION = 1;
				GENERATE_INFOPLIST_FILE = YES;
				IPHONEOS_DEPLOYMENT_TARGET = 16.1;
				MARKETING_VERSION = 1.0;
				PRODUCT_BUNDLE_IDENTIFIER = theappmaker.KaroooooCodeChallengeTests;
				PRODUCT_NAME = "$(TARGET_NAME)";
				SWIFT_EMIT_LOC_STRINGS = NO;
				SWIFT_VERSION = 5.0;
				TARGETED_DEVICE_FAMILY = "1,2";
				TEST_HOST = "$(BUILT_PRODUCTS_DIR)/KaroooooCodeChallenge.app/$(BUNDLE_EXECUTABLE_FOLDER_PATH)/KaroooooCodeChallenge";
			};
			name = Release;
		};
		92E5308B294B49F600083879 /* Debug */ = {
			isa = XCBuildConfiguration;
			baseConfigurationReference = 35AA7FE6134C7CF214B3B8F1 /* Pods-KaroooooCodeChallenge-KaroooooCodeChallengeUITests.debug.xcconfig */;
			buildSettings = {
				ALWAYS_EMBED_SWIFT_STANDARD_LIBRARIES = YES;
				CODE_SIGN_STYLE = Automatic;
				CURRENT_PROJECT_VERSION = 1;
				GENERATE_INFOPLIST_FILE = YES;
				MARKETING_VERSION = 1.0;
				PRODUCT_BUNDLE_IDENTIFIER = theappmaker.KaroooooCodeChallengeUITests;
				PRODUCT_NAME = "$(TARGET_NAME)";
				SWIFT_EMIT_LOC_STRINGS = NO;
				SWIFT_VERSION = 5.0;
				TARGETED_DEVICE_FAMILY = "1,2";
				TEST_TARGET_NAME = KaroooooCodeChallenge;
			};
			name = Debug;
		};
		92E5308C294B49F600083879 /* Release */ = {
			isa = XCBuildConfiguration;
			baseConfigurationReference = 0E9658B3D26DC1222787B7BC /* Pods-KaroooooCodeChallenge-KaroooooCodeChallengeUITests.release.xcconfig */;
			buildSettings = {
				ALWAYS_EMBED_SWIFT_STANDARD_LIBRARIES = YES;
				CODE_SIGN_STYLE = Automatic;
				CURRENT_PROJECT_VERSION = 1;
				GENERATE_INFOPLIST_FILE = YES;
				MARKETING_VERSION = 1.0;
				PRODUCT_BUNDLE_IDENTIFIER = theappmaker.KaroooooCodeChallengeUITests;
				PRODUCT_NAME = "$(TARGET_NAME)";
				SWIFT_EMIT_LOC_STRINGS = NO;
				SWIFT_VERSION = 5.0;
				TARGETED_DEVICE_FAMILY = "1,2";
				TEST_TARGET_NAME = KaroooooCodeChallenge;
			};
			name = Release;
		};
/* End XCBuildConfiguration section */

/* Begin XCConfigurationList section */
		92E53055294B49F300083879 /* Build configuration list for PBXProject "KaroooooCodeChallenge" */ = {
			isa = XCConfigurationList;
			buildConfigurations = (
				92E53082294B49F600083879 /* Debug */,
				92E53083294B49F600083879 /* Release */,
			);
			defaultConfigurationIsVisible = 0;
			defaultConfigurationName = Release;
		};
		92E53084294B49F600083879 /* Build configuration list for PBXNativeTarget "KaroooooCodeChallenge" */ = {
			isa = XCConfigurationList;
			buildConfigurations = (
				92E53085294B49F600083879 /* Debug */,
				92E53086294B49F600083879 /* Release */,
			);
			defaultConfigurationIsVisible = 0;
			defaultConfigurationName = Release;
		};
		92E53087294B49F600083879 /* Build configuration list for PBXNativeTarget "KaroooooCodeChallengeTests" */ = {
			isa = XCConfigurationList;
			buildConfigurations = (
				92E53088294B49F600083879 /* Debug */,
				92E53089294B49F600083879 /* Release */,
			);
			defaultConfigurationIsVisible = 0;
			defaultConfigurationName = Release;
		};
		92E5308A294B49F600083879 /* Build configuration list for PBXNativeTarget "KaroooooCodeChallengeUITests" */ = {
			isa = XCConfigurationList;
			buildConfigurations = (
				92E5308B294B49F600083879 /* Debug */,
				92E5308C294B49F600083879 /* Release */,
			);
			defaultConfigurationIsVisible = 0;
			defaultConfigurationName = Release;
		};
/* End XCConfigurationList section */
	};
	rootObject = 92E53052294B49F300083879 /* Project object */;
}
